
Microsoft Visual Studio Solution File, Format Version 12.00
# Visual Studio 2013
VisualStudioVersion = 12.0.40629.0
MinimumVisualStudioVersion = 10.0.40219.1
Project("{FAE04EC0-301F-11D3-BF4B-00C04F79EFBC}") = "UI", "UI\UI.csproj", "{0577CBC0-9C72-4637-B91D-F8AD7939AFCB}"
EndProject
Project("{FAE04EC0-301F-11D3-BF4B-00C04F79EFBC}") = "UI.Tests", "UI.Tests\UI.Tests.csproj", "{5776F32D-86E9-4925-A475-9A8502505D88}"
EndProject
Global
	GlobalSection(SolutionConfigurationPlatforms) = preSolution
		Debug|Any CPU = Debug|Any CPU
		Release|Any CPU = Release|Any CPU
	EndGlobalSection
	GlobalSection(ProjectConfigurationPlatforms) = postSolution
		{0577CBC0-9C72-4637-B91D-F8AD7939AFCB}.Debug|Any CPU.ActiveCfg = Debug|Any CPU
		{0577CBC0-9C72-4637-B91D-F8AD7939AFCB}.Debug|Any CPU.Build.0 = Debug|Any CPU
		{0577CBC0-9C72-4637-B91D-F8AD7939AFCB}.Release|Any CPU.ActiveCfg = Release|Any CPU
		{0577CBC0-9C72-4637-B91D-F8AD7939AFCB}.Release|Any CPU.Build.0 = Release|Any CPU
		{5776F32D-86E9-4925-A475-9A8502505D88}.Debug|Any CPU.ActiveCfg = Debug|Any CPU
		{5776F32D-86E9-4925-A475-9A8502505D88}.Debug|Any CPU.Build.0 = Debug|Any CPU
		{5776F32D-86E9-4925-A475-9A8502505D88}.Release|Any CPU.ActiveCfg = Release|Any CPU
		{5776F32D-86E9-4925-A475-9A8502505D88}.Release|Any CPU.Build.0 = Release|Any CPU
	EndGlobalSection
	GlobalSection(SolutionProperties) = preSolution
		HideSolutionNode = FALSE
	EndGlobalSection
EndGlobal
